
Microsoft Visual Studio Solution File, Format Version 12.00
# Visual Studio Version 16
VisualStudioVersion = 16.0.30804.86
MinimumVisualStudioVersion = 10.0.40219.1
Project("{FAE04EC0-301F-11D3-BF4B-00C04F79EFBC}") = "PortalGrup", "PortalGrup\PortalGrup.csproj", "{4E1AE465-C5FE-464D-935D-16A27D8EB4E0}"
EndProject
Global
	GlobalSection(SolutionConfigurationPlatforms) = preSolution
		Debug|Any CPU = Debug|Any CPU
		Release|Any CPU = Release|Any CPU
	EndGlobalSection
	GlobalSection(ProjectConfigurationPlatforms) = postSolution
		{4E1AE465-C5FE-464D-935D-16A27D8EB4E0}.Debug|Any CPU.ActiveCfg = Debug|Any CPU
		{4E1AE465-C5FE-464D-935D-16A27D8EB4E0}.Debug|Any CPU.Build.0 = Debug|Any CPU
		{4E1AE465-C5FE-464D-935D-16A27D8EB4E0}.Release|Any CPU.ActiveCfg = Release|Any CPU
		{4E1AE465-C5FE-464D-935D-16A27D8EB4E0}.Release|Any CPU.Build.0 = Release|Any CPU
	EndGlobalSection
	GlobalSection(SolutionProperties) = preSolution
		HideSolutionNode = FALSE
	EndGlobalSection
	GlobalSection(ExtensibilityGlobals) = postSolution
		SolutionGuid = {26A7E6B4-B888-4042-AEA8-B776DDE8849E}
	EndGlobalSection
EndGlobal
